
Microsoft Visual Studio Solution File, Format Version 12.00
# Visual Studio 14
VisualStudioVersion = 14.0.24720.0
MinimumVisualStudioVersion = 10.0.40219.1
Project("{FAE04EC0-301F-11D3-BF4B-00C04F79EFBC}") = "YetiAdventure.Desktop", "YetiAdventure.Desktop\YetiAdventure.Desktop.csproj", "{A221483E-0162-44AC-8E9C-F5A48EBC376F}"
EndProject
Project("{FAE04EC0-301F-11D3-BF4B-00C04F79EFBC}") = "YetiAdventure.Test", "YetiAdventure.Test\YetiAdventure.Test.csproj", "{27036AAF-D9CC-4454-AA92-2C8A3FF56129}"
EndProject
Project("{2150E333-8FDC-42A3-9474-1A3956D46DE8}") = "LevelBuilder", "LevelBuilder", "{9BC1919F-C919-4134-A14D-7B361BBA46CD}"
EndProject
Project("{FAE04EC0-301F-11D3-BF4B-00C04F79EFBC}") = "YetiAdventure.LevelBuilder", "YetiAdventure.LevelBuilder\YetiAdventure.LevelBuilder.csproj", "{4C5C5D2A-ECDE-483A-BA21-809704375CD4}"
EndProject
Project("{FAE04EC0-301F-11D3-BF4B-00C04F79EFBC}") = "YetiAdventure.Engine", "YetiAdventure.Engine\YetiAdventure.Engine.csproj", "{329D8570-7ABD-499D-B717-A589C5FA885A}"
EndProject
Project("{2150E333-8FDC-42A3-9474-1A3956D46DE8}") = "Shared", "Shared", "{53B40FE8-941A-40E8-9E3B-9E9AE14D7273}"
EndProject
Project("{FAE04EC0-301F-11D3-BF4B-00C04F79EFBC}") = "YetiAdventure.Shared", "YetiAdventure.Shared\YetiAdventure.Shared.csproj", "{67F9D3A8-F71E-4428-913F-C37AE82CDB24}"
EndProject
Global
	GlobalSection(SolutionConfigurationPlatforms) = preSolution
		Ad-Hoc|Any CPU = Ad-Hoc|Any CPU
		Ad-Hoc|ARM = Ad-Hoc|ARM
		Ad-Hoc|iPhone = Ad-Hoc|iPhone
		Ad-Hoc|iPhoneSimulator = Ad-Hoc|iPhoneSimulator
		Ad-Hoc|x64 = Ad-Hoc|x64
		Ad-Hoc|x86 = Ad-Hoc|x86
		AppStore|Any CPU = AppStore|Any CPU
		AppStore|ARM = AppStore|ARM
		AppStore|iPhone = AppStore|iPhone
		AppStore|iPhoneSimulator = AppStore|iPhoneSimulator
		AppStore|x64 = AppStore|x64
		AppStore|x86 = AppStore|x86
		Debug|Any CPU = Debug|Any CPU
		Debug|ARM = Debug|ARM
		Debug|iPhone = Debug|iPhone
		Debug|iPhoneSimulator = Debug|iPhoneSimulator
		Debug|x64 = Debug|x64
		Debug|x86 = Debug|x86
		Release|Any CPU = Release|Any CPU
		Release|ARM = Release|ARM
		Release|iPhone = Release|iPhone
		Release|iPhoneSimulator = Release|iPhoneSimulator
		Release|x64 = Release|x64
		Release|x86 = Release|x86
	EndGlobalSection
	GlobalSection(ProjectConfigurationPlatforms) = postSolution
		{A221483E-0162-44AC-8E9C-F5A48EBC376F}.Ad-Hoc|Any CPU.ActiveCfg = Release|x86
		{A221483E-0162-44AC-8E9C-F5A48EBC376F}.Ad-Hoc|Any CPU.Build.0 = Release|x86
		{A221483E-0162-44AC-8E9C-F5A48EBC376F}.Ad-Hoc|ARM.ActiveCfg = Release|x86
		{A221483E-0162-44AC-8E9C-F5A48EBC376F}.Ad-Hoc|ARM.Build.0 = Release|x86
		{A221483E-0162-44AC-8E9C-F5A48EBC376F}.Ad-Hoc|iPhone.ActiveCfg = Release|x86
		{A221483E-0162-44AC-8E9C-F5A48EBC376F}.Ad-Hoc|iPhone.Build.0 = Release|x86
		{A221483E-0162-44AC-8E9C-F5A48EBC376F}.Ad-Hoc|iPhoneSimulator.ActiveCfg = Release|x86
		{A221483E-0162-44AC-8E9C-F5A48EBC376F}.Ad-Hoc|iPhoneSimulator.Build.0 = Release|x86
		{A221483E-0162-44AC-8E9C-F5A48EBC376F}.Ad-Hoc|x64.ActiveCfg = Release|x86
		{A221483E-0162-44AC-8E9C-F5A48EBC376F}.Ad-Hoc|x64.Build.0 = Release|x86
		{A221483E-0162-44AC-8E9C-F5A48EBC376F}.Ad-Hoc|x86.ActiveCfg = Release|x86
		{A221483E-0162-44AC-8E9C-F5A48EBC376F}.Ad-Hoc|x86.Build.0 = Release|x86
		{A221483E-0162-44AC-8E9C-F5A48EBC376F}.AppStore|Any CPU.ActiveCfg = Release|x86
		{A221483E-0162-44AC-8E9C-F5A48EBC376F}.AppStore|Any CPU.Build.0 = Release|x86
		{A221483E-0162-44AC-8E9C-F5A48EBC376F}.AppStore|ARM.ActiveCfg = Release|x86
		{A221483E-0162-44AC-8E9C-F5A48EBC376F}.AppStore|ARM.Build.0 = Release|x86
		{A221483E-0162-44AC-8E9C-F5A48EBC376F}.AppStore|iPhone.ActiveCfg = Release|x86
		{A221483E-0162-44AC-8E9C-F5A48EBC376F}.AppStore|iPhone.Build.0 = Release|x86
		{A221483E-0162-44AC-8E9C-F5A48EBC376F}.AppStore|iPhoneSimulator.ActiveCfg = Release|x86
		{A221483E-0162-44AC-8E9C-F5A48EBC376F}.AppStore|iPhoneSimulator.Build.0 = Release|x86
		{A221483E-0162-44AC-8E9C-F5A48EBC376F}.AppStore|x64.ActiveCfg = Release|x86
		{A221483E-0162-44AC-8E9C-F5A48EBC376F}.AppStore|x64.Build.0 = Release|x86
		{A221483E-0162-44AC-8E9C-F5A48EBC376F}.AppStore|x86.ActiveCfg = Release|x86
		{A221483E-0162-44AC-8E9C-F5A48EBC376F}.AppStore|x86.Build.0 = Release|x86
		{A221483E-0162-44AC-8E9C-F5A48EBC376F}.Debug|Any CPU.ActiveCfg = Debug|x86
		{A221483E-0162-44AC-8E9C-F5A48EBC376F}.Debug|ARM.ActiveCfg = Debug|x86
		{A221483E-0162-44AC-8E9C-F5A48EBC376F}.Debug|iPhone.ActiveCfg = Debug|x86
		{A221483E-0162-44AC-8E9C-F5A48EBC376F}.Debug|iPhoneSimulator.ActiveCfg = Debug|x86
		{A221483E-0162-44AC-8E9C-F5A48EBC376F}.Debug|x64.ActiveCfg = Debug|x86
		{A221483E-0162-44AC-8E9C-F5A48EBC376F}.Debug|x86.ActiveCfg = Debug|x86
		{A221483E-0162-44AC-8E9C-F5A48EBC376F}.Debug|x86.Build.0 = Debug|x86
		{A221483E-0162-44AC-8E9C-F5A48EBC376F}.Release|Any CPU.ActiveCfg = Release|x86
		{A221483E-0162-44AC-8E9C-F5A48EBC376F}.Release|ARM.ActiveCfg = Release|x86
		{A221483E-0162-44AC-8E9C-F5A48EBC376F}.Release|iPhone.ActiveCfg = Release|x86
		{A221483E-0162-44AC-8E9C-F5A48EBC376F}.Release|iPhoneSimulator.ActiveCfg = Release|x86
		{A221483E-0162-44AC-8E9C-F5A48EBC376F}.Release|x64.ActiveCfg = Release|x86
		{A221483E-0162-44AC-8E9C-F5A48EBC376F}.Release|x86.ActiveCfg = Release|x86
		{A221483E-0162-44AC-8E9C-F5A48EBC376F}.Release|x86.Build.0 = Release|x86
		{27036AAF-D9CC-4454-AA92-2C8A3FF56129}.Ad-Hoc|Any CPU.ActiveCfg = Release|Any CPU
		{27036AAF-D9CC-4454-AA92-2C8A3FF56129}.Ad-Hoc|Any CPU.Build.0 = Release|Any CPU
		{27036AAF-D9CC-4454-AA92-2C8A3FF56129}.Ad-Hoc|ARM.ActiveCfg = Release|Any CPU
		{27036AAF-D9CC-4454-AA92-2C8A3FF56129}.Ad-Hoc|ARM.Build.0 = Release|Any CPU
		{27036AAF-D9CC-4454-AA92-2C8A3FF56129}.Ad-Hoc|iPhone.ActiveCfg = Release|Any CPU
		{27036AAF-D9CC-4454-AA92-2C8A3FF56129}.Ad-Hoc|iPhone.Build.0 = Release|Any CPU
		{27036AAF-D9CC-4454-AA92-2C8A3FF56129}.Ad-Hoc|iPhoneSimulator.ActiveCfg = Release|Any CPU
		{27036AAF-D9CC-4454-AA92-2C8A3FF56129}.Ad-Hoc|iPhoneSimulator.Build.0 = Release|Any CPU
		{27036AAF-D9CC-4454-AA92-2C8A3FF56129}.Ad-Hoc|x64.ActiveCfg = Release|Any CPU
		{27036AAF-D9CC-4454-AA92-2C8A3FF56129}.Ad-Hoc|x64.Build.0 = Release|Any CPU
		{27036AAF-D9CC-4454-AA92-2C8A3FF56129}.Ad-Hoc|x86.ActiveCfg = Release|Any CPU
		{27036AAF-D9CC-4454-AA92-2C8A3FF56129}.Ad-Hoc|x86.Build.0 = Release|Any CPU
		{27036AAF-D9CC-4454-AA92-2C8A3FF56129}.AppStore|Any CPU.ActiveCfg = Release|Any CPU
		{27036AAF-D9CC-4454-AA92-2C8A3FF56129}.AppStore|Any CPU.Build.0 = Release|Any CPU
		{27036AAF-D9CC-4454-AA92-2C8A3FF56129}.AppStore|ARM.ActiveCfg = Release|Any CPU
		{27036AAF-D9CC-4454-AA92-2C8A3FF56129}.AppStore|ARM.Build.0 = Release|Any CPU
		{27036AAF-D9CC-4454-AA92-2C8A3FF56129}.AppStore|iPhone.ActiveCfg = Release|Any CPU
		{27036AAF-D9CC-4454-AA92-2C8A3FF56129}.AppStore|iPhone.Build.0 = Release|Any CPU
		{27036AAF-D9CC-4454-AA92-2C8A3FF56129}.AppStore|iPhoneSimulator.ActiveCfg = Release|Any CPU
		{27036AAF-D9CC-4454-AA92-2C8A3FF56129}.AppStore|iPhoneSimulator.Build.0 = Release|Any CPU
		{27036AAF-D9CC-4454-AA92-2C8A3FF56129}.AppStore|x64.ActiveCfg = Release|Any CPU
		{27036AAF-D9CC-4454-AA92-2C8A3FF56129}.AppStore|x64.Build.0 = Release|Any CPU
		{27036AAF-D9CC-4454-AA92-2C8A3FF56129}.AppStore|x86.ActiveCfg = Release|Any CPU
		{27036AAF-D9CC-4454-AA92-2C8A3FF56129}.AppStore|x86.Build.0 = Release|Any CPU
		{27036AAF-D9CC-4454-AA92-2C8A3FF56129}.Debug|Any CPU.ActiveCfg = Debug|Any CPU
		{27036AAF-D9CC-4454-AA92-2C8A3FF56129}.Debug|Any CPU.Build.0 = Debug|Any CPU
		{27036AAF-D9CC-4454-AA92-2C8A3FF56129}.Debug|ARM.ActiveCfg = Debug|Any CPU
		{27036AAF-D9CC-4454-AA92-2C8A3FF56129}.Debug|ARM.Build.0 = Debug|Any CPU
		{27036AAF-D9CC-4454-AA92-2C8A3FF56129}.Debug|iPhone.ActiveCfg = Debug|Any CPU
		{27036AAF-D9CC-4454-AA92-2C8A3FF56129}.Debug|iPhone.Build.0 = Debug|Any CPU
		{27036AAF-D9CC-4454-AA92-2C8A3FF56129}.Debug|iPhoneSimulator.ActiveCfg = Debug|Any CPU
		{27036AAF-D9CC-4454-AA92-2C8A3FF56129}.Debug|iPhoneSimulator.Build.0 = Debug|Any CPU
		{27036AAF-D9CC-4454-AA92-2C8A3FF56129}.Debug|x64.ActiveCfg = Debug|Any CPU
		{27036AAF-D9CC-4454-AA92-2C8A3FF56129}.Debug|x64.Build.0 = Debug|Any CPU
		{27036AAF-D9CC-4454-AA92-2C8A3FF56129}.Debug|x86.ActiveCfg = Debug|Any CPU
		{27036AAF-D9CC-4454-AA92-2C8A3FF56129}.Debug|x86.Build.0 = Debug|Any CPU
		{27036AAF-D9CC-4454-AA92-2C8A3FF56129}.Release|Any CPU.ActiveCfg = Release|Any CPU
		{27036AAF-D9CC-4454-AA92-2C8A3FF56129}.Release|Any CPU.Build.0 = Release|Any CPU
		{27036AAF-D9CC-4454-AA92-2C8A3FF56129}.Release|ARM.ActiveCfg = Release|Any CPU
		{27036AAF-D9CC-4454-AA92-2C8A3FF56129}.Release|ARM.Build.0 = Release|Any CPU
		{27036AAF-D9CC-4454-AA92-2C8A3FF56129}.Release|iPhone.ActiveCfg = Release|Any CPU
		{27036AAF-D9CC-4454-AA92-2C8A3FF56129}.Release|iPhone.Build.0 = Release|Any CPU
		{27036AAF-D9CC-4454-AA92-2C8A3FF56129}.Release|iPhoneSimulator.ActiveCfg = Release|Any CPU
		{27036AAF-D9CC-4454-AA92-2C8A3FF56129}.Release|iPhoneSimulator.Build.0 = Release|Any CPU
		{27036AAF-D9CC-4454-AA92-2C8A3FF56129}.Release|x64.ActiveCfg = Release|Any CPU
		{27036AAF-D9CC-4454-AA92-2C8A3FF56129}.Release|x64.Build.0 = Release|Any CPU
		{27036AAF-D9CC-4454-AA92-2C8A3FF56129}.Release|x86.ActiveCfg = Release|Any CPU
		{27036AAF-D9CC-4454-AA92-2C8A3FF56129}.Release|x86.Build.0 = Release|Any CPU
		{4C5C5D2A-ECDE-483A-BA21-809704375CD4}.Ad-Hoc|Any CPU.ActiveCfg = Release|Any CPU
		{4C5C5D2A-ECDE-483A-BA21-809704375CD4}.Ad-Hoc|Any CPU.Build.0 = Release|Any CPU
		{4C5C5D2A-ECDE-483A-BA21-809704375CD4}.Ad-Hoc|ARM.ActiveCfg = Release|Any CPU
		{4C5C5D2A-ECDE-483A-BA21-809704375CD4}.Ad-Hoc|ARM.Build.0 = Release|Any CPU
		{4C5C5D2A-ECDE-483A-BA21-809704375CD4}.Ad-Hoc|iPhone.ActiveCfg = Release|Any CPU
		{4C5C5D2A-ECDE-483A-BA21-809704375CD4}.Ad-Hoc|iPhone.Build.0 = Release|Any CPU
		{4C5C5D2A-ECDE-483A-BA21-809704375CD4}.Ad-Hoc|iPhoneSimulator.ActiveCfg = Release|Any CPU
		{4C5C5D2A-ECDE-483A-BA21-809704375CD4}.Ad-Hoc|iPhoneSimulator.Build.0 = Release|Any CPU
		{4C5C5D2A-ECDE-483A-BA21-809704375CD4}.Ad-Hoc|x64.ActiveCfg = Release|Any CPU
		{4C5C5D2A-ECDE-483A-BA21-809704375CD4}.Ad-Hoc|x64.Build.0 = Release|Any CPU
		{4C5C5D2A-ECDE-483A-BA21-809704375CD4}.Ad-Hoc|x86.ActiveCfg = Release|Any CPU
		{4C5C5D2A-ECDE-483A-BA21-809704375CD4}.Ad-Hoc|x86.Build.0 = Release|Any CPU
		{4C5C5D2A-ECDE-483A-BA21-809704375CD4}.AppStore|Any CPU.ActiveCfg = Release|Any CPU
		{4C5C5D2A-ECDE-483A-BA21-809704375CD4}.AppStore|Any CPU.Build.0 = Release|Any CPU
		{4C5C5D2A-ECDE-483A-BA21-809704375CD4}.AppStore|ARM.ActiveCfg = Release|Any CPU
		{4C5C5D2A-ECDE-483A-BA21-809704375CD4}.AppStore|ARM.Build.0 = Release|Any CPU
		{4C5C5D2A-ECDE-483A-BA21-809704375CD4}.AppStore|iPhone.ActiveCfg = Release|Any CPU
		{4C5C5D2A-ECDE-483A-BA21-809704375CD4}.AppStore|iPhone.Build.0 = Release|Any CPU
		{4C5C5D2A-ECDE-483A-BA21-809704375CD4}.AppStore|iPhoneSimulator.ActiveCfg = Release|Any CPU
		{4C5C5D2A-ECDE-483A-BA21-809704375CD4}.AppStore|iPhoneSimulator.Build.0 = Release|Any CPU
		{4C5C5D2A-ECDE-483A-BA21-809704375CD4}.AppStore|x64.ActiveCfg = Release|Any CPU
		{4C5C5D2A-ECDE-483A-BA21-809704375CD4}.AppStore|x64.Build.0 = Release|Any CPU
		{4C5C5D2A-ECDE-483A-BA21-809704375CD4}.AppStore|x86.ActiveCfg = Release|Any CPU
		{4C5C5D2A-ECDE-483A-BA21-809704375CD4}.AppStore|x86.Build.0 = Release|Any CPU
		{4C5C5D2A-ECDE-483A-BA21-809704375CD4}.Debug|Any CPU.ActiveCfg = Debug|Any CPU
		{4C5C5D2A-ECDE-483A-BA21-809704375CD4}.Debug|Any CPU.Build.0 = Debug|Any CPU
		{4C5C5D2A-ECDE-483A-BA21-809704375CD4}.Debug|ARM.ActiveCfg = Debug|Any CPU
		{4C5C5D2A-ECDE-483A-BA21-809704375CD4}.Debug|ARM.Build.0 = Debug|Any CPU
		{4C5C5D2A-ECDE-483A-BA21-809704375CD4}.Debug|iPhone.ActiveCfg = Debug|Any CPU
		{4C5C5D2A-ECDE-483A-BA21-809704375CD4}.Debug|iPhone.Build.0 = Debug|Any CPU
		{4C5C5D2A-ECDE-483A-BA21-809704375CD4}.Debug|iPhoneSimulator.ActiveCfg = Debug|Any CPU
		{4C5C5D2A-ECDE-483A-BA21-809704375CD4}.Debug|iPhoneSimulator.Build.0 = Debug|Any CPU
		{4C5C5D2A-ECDE-483A-BA21-809704375CD4}.Debug|x64.ActiveCfg = Debug|Any CPU
		{4C5C5D2A-ECDE-483A-BA21-809704375CD4}.Debug|x64.Build.0 = Debug|Any CPU
		{4C5C5D2A-ECDE-483A-BA21-809704375CD4}.Debug|x86.ActiveCfg = Debug|Any CPU
		{4C5C5D2A-ECDE-483A-BA21-809704375CD4}.Debug|x86.Build.0 = Debug|Any CPU
		{4C5C5D2A-ECDE-483A-BA21-809704375CD4}.Release|Any CPU.ActiveCfg = Release|Any CPU
		{4C5C5D2A-ECDE-483A-BA21-809704375CD4}.Release|Any CPU.Build.0 = Release|Any CPU
		{4C5C5D2A-ECDE-483A-BA21-809704375CD4}.Release|ARM.ActiveCfg = Release|Any CPU
		{4C5C5D2A-ECDE-483A-BA21-809704375CD4}.Release|ARM.Build.0 = Release|Any CPU
		{4C5C5D2A-ECDE-483A-BA21-809704375CD4}.Release|iPhone.ActiveCfg = Release|Any CPU
		{4C5C5D2A-ECDE-483A-BA21-809704375CD4}.Release|iPhone.Build.0 = Release|Any CPU
		{4C5C5D2A-ECDE-483A-BA21-809704375CD4}.Release|iPhoneSimulator.ActiveCfg = Release|Any CPU
		{4C5C5D2A-ECDE-483A-BA21-809704375CD4}.Release|iPhoneSimulator.Build.0 = Release|Any CPU
		{4C5C5D2A-ECDE-483A-BA21-809704375CD4}.Release|x64.ActiveCfg = Release|Any CPU
		{4C5C5D2A-ECDE-483A-BA21-809704375CD4}.Release|x64.Build.0 = Release|Any CPU
		{4C5C5D2A-ECDE-483A-BA21-809704375CD4}.Release|x86.ActiveCfg = Release|Any CPU
		{4C5C5D2A-ECDE-483A-BA21-809704375CD4}.Release|x86.Build.0 = Release|Any CPU
		{329D8570-7ABD-499D-B717-A589C5FA885A}.Ad-Hoc|Any CPU.ActiveCfg = Release|Any CPU
		{329D8570-7ABD-499D-B717-A589C5FA885A}.Ad-Hoc|Any CPU.Build.0 = Release|Any CPU
		{329D8570-7ABD-499D-B717-A589C5FA885A}.Ad-Hoc|ARM.ActiveCfg = Release|Any CPU
		{329D8570-7ABD-499D-B717-A589C5FA885A}.Ad-Hoc|ARM.Build.0 = Release|Any CPU
		{329D8570-7ABD-499D-B717-A589C5FA885A}.Ad-Hoc|iPhone.ActiveCfg = Release|Any CPU
		{329D8570-7ABD-499D-B717-A589C5FA885A}.Ad-Hoc|iPhone.Build.0 = Release|Any CPU
		{329D8570-7ABD-499D-B717-A589C5FA885A}.Ad-Hoc|iPhoneSimulator.ActiveCfg = Release|Any CPU
		{329D8570-7ABD-499D-B717-A589C5FA885A}.Ad-Hoc|iPhoneSimulator.Build.0 = Release|Any CPU
		{329D8570-7ABD-499D-B717-A589C5FA885A}.Ad-Hoc|x64.ActiveCfg = Release|Any CPU
		{329D8570-7ABD-499D-B717-A589C5FA885A}.Ad-Hoc|x64.Build.0 = Release|Any CPU
		{329D8570-7ABD-499D-B717-A589C5FA885A}.Ad-Hoc|x86.ActiveCfg = Release|Any CPU
		{329D8570-7ABD-499D-B717-A589C5FA885A}.Ad-Hoc|x86.Build.0 = Release|Any CPU
		{329D8570-7ABD-499D-B717-A589C5FA885A}.AppStore|Any CPU.ActiveCfg = Release|Any CPU
		{329D8570-7ABD-499D-B717-A589C5FA885A}.AppStore|Any CPU.Build.0 = Release|Any CPU
		{329D8570-7ABD-499D-B717-A589C5FA885A}.AppStore|ARM.ActiveCfg = Release|Any CPU
		{329D8570-7ABD-499D-B717-A589C5FA885A}.AppStore|ARM.Build.0 = Release|Any CPU
		{329D8570-7ABD-499D-B717-A589C5FA885A}.AppStore|iPhone.ActiveCfg = Release|Any CPU
		{329D8570-7ABD-499D-B717-A589C5FA885A}.AppStore|iPhone.Build.0 = Release|Any CPU
		{329D8570-7ABD-499D-B717-A589C5FA885A}.AppStore|iPhoneSimulator.ActiveCfg = Release|Any CPU
		{329D8570-7ABD-499D-B717-A589C5FA885A}.AppStore|iPhoneSimulator.Build.0 = Release|Any CPU
		{329D8570-7ABD-499D-B717-A589C5FA885A}.AppStore|x64.ActiveCfg = Release|Any CPU
		{329D8570-7ABD-499D-B717-A589C5FA885A}.AppStore|x64.Build.0 = Release|Any CPU
		{329D8570-7ABD-499D-B717-A589C5FA885A}.AppStore|x86.ActiveCfg = Release|Any CPU
		{329D8570-7ABD-499D-B717-A589C5FA885A}.AppStore|x86.Build.0 = Release|Any CPU
		{329D8570-7ABD-499D-B717-A589C5FA885A}.Debug|Any CPU.ActiveCfg = Debug|Any CPU
		{329D8570-7ABD-499D-B717-A589C5FA885A}.Debug|Any CPU.Build.0 = Debug|Any CPU
		{329D8570-7ABD-499D-B717-A589C5FA885A}.Debug|ARM.ActiveCfg = Debug|Any CPU
		{329D8570-7ABD-499D-B717-A589C5FA885A}.Debug|ARM.Build.0 = Debug|Any CPU
		{329D8570-7ABD-499D-B717-A589C5FA885A}.Debug|iPhone.ActiveCfg = Debug|Any CPU
		{329D8570-7ABD-499D-B717-A589C5FA885A}.Debug|iPhone.Build.0 = Debug|Any CPU
		{329D8570-7ABD-499D-B717-A589C5FA885A}.Debug|iPhoneSimulator.ActiveCfg = Debug|Any CPU
		{329D8570-7ABD-499D-B717-A589C5FA885A}.Debug|iPhoneSimulator.Build.0 = Debug|Any CPU
		{329D8570-7ABD-499D-B717-A589C5FA885A}.Debug|x64.ActiveCfg = Debug|Any CPU
		{329D8570-7ABD-499D-B717-A589C5FA885A}.Debug|x64.Build.0 = Debug|Any CPU
		{329D8570-7ABD-499D-B717-A589C5FA885A}.Debug|x86.ActiveCfg = Debug|Any CPU
		{329D8570-7ABD-499D-B717-A589C5FA885A}.Debug|x86.Build.0 = Debug|Any CPU
		{329D8570-7ABD-499D-B717-A589C5FA885A}.Release|Any CPU.ActiveCfg = Release|Any CPU
		{329D8570-7ABD-499D-B717-A589C5FA885A}.Release|Any CPU.Build.0 = Release|Any CPU
		{329D8570-7ABD-499D-B717-A589C5FA885A}.Release|ARM.ActiveCfg = Release|Any CPU
		{329D8570-7ABD-499D-B717-A589C5FA885A}.Release|ARM.Build.0 = Release|Any CPU
		{329D8570-7ABD-499D-B717-A589C5FA885A}.Release|iPhone.ActiveCfg = Release|Any CPU
		{329D8570-7ABD-499D-B717-A589C5FA885A}.Release|iPhone.Build.0 = Release|Any CPU
		{329D8570-7ABD-499D-B717-A589C5FA885A}.Release|iPhoneSimulator.ActiveCfg = Release|Any CPU
		{329D8570-7ABD-499D-B717-A589C5FA885A}.Release|iPhoneSimulator.Build.0 = Release|Any CPU
		{329D8570-7ABD-499D-B717-A589C5FA885A}.Release|x64.ActiveCfg = Release|Any CPU
		{329D8570-7ABD-499D-B717-A589C5FA885A}.Release|x64.Build.0 = Release|Any CPU
		{329D8570-7ABD-499D-B717-A589C5FA885A}.Release|x86.ActiveCfg = Release|Any CPU
		{329D8570-7ABD-499D-B717-A589C5FA885A}.Release|x86.Build.0 = Release|Any CPU
		{67F9D3A8-F71E-4428-913F-C37AE82CDB24}.Ad-Hoc|Any CPU.ActiveCfg = Release|Any CPU
		{67F9D3A8-F71E-4428-913F-C37AE82CDB24}.Ad-Hoc|Any CPU.Build.0 = Release|Any CPU
		{67F9D3A8-F71E-4428-913F-C37AE82CDB24}.Ad-Hoc|ARM.ActiveCfg = Release|Any CPU
		{67F9D3A8-F71E-4428-913F-C37AE82CDB24}.Ad-Hoc|ARM.Build.0 = Release|Any CPU
		{67F9D3A8-F71E-4428-913F-C37AE82CDB24}.Ad-Hoc|iPhone.ActiveCfg = Release|Any CPU
		{67F9D3A8-F71E-4428-913F-C37AE82CDB24}.Ad-Hoc|iPhone.Build.0 = Release|Any CPU
		{67F9D3A8-F71E-4428-913F-C37AE82CDB24}.Ad-Hoc|iPhoneSimulator.ActiveCfg = Release|Any CPU
		{67F9D3A8-F71E-4428-913F-C37AE82CDB24}.Ad-Hoc|iPhoneSimulator.Build.0 = Release|Any CPU
		{67F9D3A8-F71E-4428-913F-C37AE82CDB24}.Ad-Hoc|x64.ActiveCfg = Release|Any CPU
		{67F9D3A8-F71E-4428-913F-C37AE82CDB24}.Ad-Hoc|x64.Build.0 = Release|Any CPU
		{67F9D3A8-F71E-4428-913F-C37AE82CDB24}.Ad-Hoc|x86.ActiveCfg = Release|Any CPU
		{67F9D3A8-F71E-4428-913F-C37AE82CDB24}.Ad-Hoc|x86.Build.0 = Release|Any CPU
		{67F9D3A8-F71E-4428-913F-C37AE82CDB24}.AppStore|Any CPU.ActiveCfg = Release|Any CPU
		{67F9D3A8-F71E-4428-913F-C37AE82CDB24}.AppStore|Any CPU.Build.0 = Release|Any CPU
		{67F9D3A8-F71E-4428-913F-C37AE82CDB24}.AppStore|ARM.ActiveCfg = Release|Any CPU
		{67F9D3A8-F71E-4428-913F-C37AE82CDB24}.AppStore|ARM.Build.0 = Release|Any CPU
		{67F9D3A8-F71E-4428-913F-C37AE82CDB24}.AppStore|iPhone.ActiveCfg = Release|Any CPU
		{67F9D3A8-F71E-4428-913F-C37AE82CDB24}.AppStore|iPhone.Build.0 = Release|Any CPU
		{67F9D3A8-F71E-4428-913F-C37AE82CDB24}.AppStore|iPhoneSimulator.ActiveCfg = Release|Any CPU
		{67F9D3A8-F71E-4428-913F-C37AE82CDB24}.AppStore|iPhoneSimulator.Build.0 = Release|Any CPU
		{67F9D3A8-F71E-4428-913F-C37AE82CDB24}.AppStore|x64.ActiveCfg = Release|Any CPU
		{67F9D3A8-F71E-4428-913F-C37AE82CDB24}.AppStore|x64.Build.0 = Release|Any CPU
		{67F9D3A8-F71E-4428-913F-C37AE82CDB24}.AppStore|x86.ActiveCfg = Release|Any CPU
		{67F9D3A8-F71E-4428-913F-C37AE82CDB24}.AppStore|x86.Build.0 = Release|Any CPU
		{67F9D3A8-F71E-4428-913F-C37AE82CDB24}.Debug|Any CPU.ActiveCfg = Debug|Any CPU
		{67F9D3A8-F71E-4428-913F-C37AE82CDB24}.Debug|Any CPU.Build.0 = Debug|Any CPU
		{67F9D3A8-F71E-4428-913F-C37AE82CDB24}.Debug|ARM.ActiveCfg = Debug|Any CPU
		{67F9D3A8-F71E-4428-913F-C37AE82CDB24}.Debug|ARM.Build.0 = Debug|Any CPU
		{67F9D3A8-F71E-4428-913F-C37AE82CDB24}.Debug|iPhone.ActiveCfg = Debug|Any CPU
		{67F9D3A8-F71E-4428-913F-C37AE82CDB24}.Debug|iPhone.Build.0 = Debug|Any CPU
		{67F9D3A8-F71E-4428-913F-C37AE82CDB24}.Debug|iPhoneSimulator.ActiveCfg = Debug|Any CPU
		{67F9D3A8-F71E-4428-913F-C37AE82CDB24}.Debug|iPhoneSimulator.Build.0 = Debug|Any CPU
		{67F9D3A8-F71E-4428-913F-C37AE82CDB24}.Debug|x64.ActiveCfg = Debug|Any CPU
		{67F9D3A8-F71E-4428-913F-C37AE82CDB24}.Debug|x64.Build.0 = Debug|Any CPU
		{67F9D3A8-F71E-4428-913F-C37AE82CDB24}.Debug|x86.ActiveCfg = Debug|Any CPU
		{67F9D3A8-F71E-4428-913F-C37AE82CDB24}.Debug|x86.Build.0 = Debug|Any CPU
		{67F9D3A8-F71E-4428-913F-C37AE82CDB24}.Release|Any CPU.ActiveCfg = Release|Any CPU
		{67F9D3A8-F71E-4428-913F-C37AE82CDB24}.Release|Any CPU.Build.0 = Release|Any CPU
		{67F9D3A8-F71E-4428-913F-C37AE82CDB24}.Release|ARM.ActiveCfg = Release|Any CPU
		{67F9D3A8-F71E-4428-913F-C37AE82CDB24}.Release|ARM.Build.0 = Release|Any CPU
		{67F9D3A8-F71E-4428-913F-C37AE82CDB24}.Release|iPhone.ActiveCfg = Release|Any CPU
		{67F9D3A8-F71E-4428-913F-C37AE82CDB24}.Release|iPhone.Build.0 = Release|Any CPU
		{67F9D3A8-F71E-4428-913F-C37AE82CDB24}.Release|iPhoneSimulator.ActiveCfg = Release|Any CPU
		{67F9D3A8-F71E-4428-913F-C37AE82CDB24}.Release|iPhoneSimulator.Build.0 = Release|Any CPU
		{67F9D3A8-F71E-4428-913F-C37AE82CDB24}.Release|x64.ActiveCfg = Release|Any CPU
		{67F9D3A8-F71E-4428-913F-C37AE82CDB24}.Release|x64.Build.0 = Release|Any CPU
		{67F9D3A8-F71E-4428-913F-C37AE82CDB24}.Release|x86.ActiveCfg = Release|Any CPU
		{67F9D3A8-F71E-4428-913F-C37AE82CDB24}.Release|x86.Build.0 = Release|Any CPU
	EndGlobalSection
	GlobalSection(SolutionProperties) = preSolution
		HideSolutionNode = FALSE
	EndGlobalSection
	GlobalSection(NestedProjects) = preSolution
		{4C5C5D2A-ECDE-483A-BA21-809704375CD4} = {9BC1919F-C919-4134-A14D-7B361BBA46CD}
		{67F9D3A8-F71E-4428-913F-C37AE82CDB24} = {53B40FE8-941A-40E8-9E3B-9E9AE14D7273}
	EndGlobalSection
EndGlobal
